
Microsoft Visual Studio Solution File, Format Version 12.00
# Visual Studio Version 17
VisualStudioVersion = 17.7.34024.191
MinimumVisualStudioVersion = 10.0.40219.1
Project("{FAE04EC0-301F-11D3-BF4B-00C04F79EFBC}") = "ConsoleApp1", "ConsoleApp1\ConsoleApp1.csproj", "{EABD218B-EAD6-49E8-90F5-F0FAD773E1EC}"
EndProject
Global
	GlobalSection(SolutionConfigurationPlatforms) = preSolution
		Debug|Any CPU = Debug|Any CPU
		Release|Any CPU = Release|Any CPU
	EndGlobalSection
	GlobalSection(ProjectConfigurationPlatforms) = postSolution
		{EABD218B-EAD6-49E8-90F5-F0FAD773E1EC}.Debug|Any CPU.ActiveCfg = Debug|Any CPU
		{EABD218B-EAD6-49E8-90F5-F0FAD773E1EC}.Debug|Any CPU.Build.0 = Debug|Any CPU
		{EABD218B-EAD6-49E8-90F5-F0FAD773E1EC}.Release|Any CPU.ActiveCfg = Release|Any CPU
		{EABD218B-EAD6-49E8-90F5-F0FAD773E1EC}.Release|Any CPU.Build.0 = Release|Any CPU
	EndGlobalSection
	GlobalSection(SolutionProperties) = preSolution
		HideSolutionNode = FALSE
	EndGlobalSection
	GlobalSection(ExtensibilityGlobals) = postSolution
		SolutionGuid = {D0BEC0D9-A978-4DF3-AE13-AB50F7765033}
	EndGlobalSection
EndGlobal
